
Microsoft Visual Studio Solution File, Format Version 12.00
# Visual Studio 15
VisualStudioVersion = 15.0.27004.2005
MinimumVisualStudioVersion = 10.0.40219.1
Project("{FAE04EC0-301F-11D3-BF4B-00C04F79EFBC}") = "RomanNumerals.Tests", "RomanNumerals.Tests\RomanNumerals.Tests.csproj", "{97B06D1E-8CF9-458F-A22D-0FA39177F7D7}"
EndProject
Project("{FAE04EC0-301F-11D3-BF4B-00C04F79EFBC}") = "StarWars", "StarWars\StarWars.csproj", "{744DAB57-84D3-493C-9410-79DA046034DA}"
EndProject
Project("{FAE04EC0-301F-11D3-BF4B-00C04F79EFBC}") = "StarWars.Tests", "StarWars.Tests\StarWars.Tests.csproj", "{28594F46-69A0-4EEF-B567-8BD75B239D3B}"
EndProject
Project("{FAE04EC0-301F-11D3-BF4B-00C04F79EFBC}") = "FizzBuzz", "FizzBuzz\FizzBuzz.csproj", "{DFEF3CC2-EF4E-404D-BCD2-E586176D947A}"
EndProject
Project("{FAE04EC0-301F-11D3-BF4B-00C04F79EFBC}") = "FizzBuzz.Tests", "FizzBuzz.Tests\FizzBuzz.Tests.csproj", "{3878A2A9-E0DD-4776-87F4-5322778AD62A}"
EndProject
Project("{FAE04EC0-301F-11D3-BF4B-00C04F79EFBC}") = "RomanNumerals.Standard", "RomanNumerals.Standard\RomanNumerals.Standard.csproj", "{62317CE5-97AB-42D4-9B96-ED7BBC940E62}"
EndProject
Project("{FAE04EC0-301F-11D3-BF4B-00C04F79EFBC}") = "StarWars.Standard", "StarWars.Standard\StarWars.Standard.csproj", "{C13C6964-96E4-4D43-9F1A-E075F8E35ACD}"
EndProject
Global
	GlobalSection(SolutionConfigurationPlatforms) = preSolution
		Debug|Any CPU = Debug|Any CPU
		Release|Any CPU = Release|Any CPU
	EndGlobalSection
	GlobalSection(ProjectConfigurationPlatforms) = postSolution
		{97B06D1E-8CF9-458F-A22D-0FA39177F7D7}.Debug|Any CPU.ActiveCfg = Debug|Any CPU
		{97B06D1E-8CF9-458F-A22D-0FA39177F7D7}.Debug|Any CPU.Build.0 = Debug|Any CPU
		{97B06D1E-8CF9-458F-A22D-0FA39177F7D7}.Release|Any CPU.ActiveCfg = Release|Any CPU
		{97B06D1E-8CF9-458F-A22D-0FA39177F7D7}.Release|Any CPU.Build.0 = Release|Any CPU
		{744DAB57-84D3-493C-9410-79DA046034DA}.Debug|Any CPU.ActiveCfg = Debug|Any CPU
		{744DAB57-84D3-493C-9410-79DA046034DA}.Debug|Any CPU.Build.0 = Debug|Any CPU
		{744DAB57-84D3-493C-9410-79DA046034DA}.Release|Any CPU.ActiveCfg = Release|Any CPU
		{744DAB57-84D3-493C-9410-79DA046034DA}.Release|Any CPU.Build.0 = Release|Any CPU
		{28594F46-69A0-4EEF-B567-8BD75B239D3B}.Debug|Any CPU.ActiveCfg = Debug|Any CPU
		{28594F46-69A0-4EEF-B567-8BD75B239D3B}.Debug|Any CPU.Build.0 = Debug|Any CPU
		{28594F46-69A0-4EEF-B567-8BD75B239D3B}.Release|Any CPU.ActiveCfg = Release|Any CPU
		{28594F46-69A0-4EEF-B567-8BD75B239D3B}.Release|Any CPU.Build.0 = Release|Any CPU
		{DFEF3CC2-EF4E-404D-BCD2-E586176D947A}.Debug|Any CPU.ActiveCfg = Debug|Any CPU
		{DFEF3CC2-EF4E-404D-BCD2-E586176D947A}.Debug|Any CPU.Build.0 = Debug|Any CPU
		{DFEF3CC2-EF4E-404D-BCD2-E586176D947A}.Release|Any CPU.ActiveCfg = Release|Any CPU
		{DFEF3CC2-EF4E-404D-BCD2-E586176D947A}.Release|Any CPU.Build.0 = Release|Any CPU
		{3878A2A9-E0DD-4776-87F4-5322778AD62A}.Debug|Any CPU.ActiveCfg = Debug|Any CPU
		{3878A2A9-E0DD-4776-87F4-5322778AD62A}.Debug|Any CPU.Build.0 = Debug|Any CPU
		{3878A2A9-E0DD-4776-87F4-5322778AD62A}.Release|Any CPU.ActiveCfg = Release|Any CPU
		{3878A2A9-E0DD-4776-87F4-5322778AD62A}.Release|Any CPU.Build.0 = Release|Any CPU
		{62317CE5-97AB-42D4-9B96-ED7BBC940E62}.Debug|Any CPU.ActiveCfg = Debug|Any CPU
		{62317CE5-97AB-42D4-9B96-ED7BBC940E62}.Debug|Any CPU.Build.0 = Debug|Any CPU
		{62317CE5-97AB-42D4-9B96-ED7BBC940E62}.Release|Any CPU.ActiveCfg = Release|Any CPU
		{62317CE5-97AB-42D4-9B96-ED7BBC940E62}.Release|Any CPU.Build.0 = Release|Any CPU
		{C13C6964-96E4-4D43-9F1A-E075F8E35ACD}.Debug|Any CPU.ActiveCfg = Debug|Any CPU
		{C13C6964-96E4-4D43-9F1A-E075F8E35ACD}.Debug|Any CPU.Build.0 = Debug|Any CPU
		{C13C6964-96E4-4D43-9F1A-E075F8E35ACD}.Release|Any CPU.ActiveCfg = Release|Any CPU
		{C13C6964-96E4-4D43-9F1A-E075F8E35ACD}.Release|Any CPU.Build.0 = Release|Any CPU
	EndGlobalSection
	GlobalSection(SolutionProperties) = preSolution
		HideSolutionNode = FALSE
	EndGlobalSection
	GlobalSection(ExtensibilityGlobals) = postSolution
		SolutionGuid = {76DF92F6-AC83-420C-B2A7-F08705DC0F28}
	EndGlobalSection
EndGlobal
